
Microsoft Visual Studio Solution File, Format Version 12.00
# Visual Studio Version 16
VisualStudioVersion = 16.0.30907.101
MinimumVisualStudioVersion = 10.0.40219.1
Project("{9A19103F-16F7-4668-BE54-9A1E7A4F7556}") = "DataAccess", "DataAccess\DataAccess.csproj", "{8BE64E7D-BBB1-44D9-BB63-28DCE030EB57}"
EndProject
Project("{9A19103F-16F7-4668-BE54-9A1E7A4F7556}") = "Business", "Business\Business.csproj", "{337E92DB-29A1-42EB-917D-C85363045DA4}"
EndProject
Project("{9A19103F-16F7-4668-BE54-9A1E7A4F7556}") = "Entities", "Entities\Entities.csproj", "{9F3A35D4-06F1-468E-96BD-177F85EE8A18}"
EndProject
Project("{9A19103F-16F7-4668-BE54-9A1E7A4F7556}") = "ConsoleUI", "ConsoleUI\ConsoleUI.csproj", "{B62F722F-A4F2-4875-9FAA-ACC25C7640BD}"
EndProject
Project("{9A19103F-16F7-4668-BE54-9A1E7A4F7556}") = "Core", "Core\Core.csproj", "{AC8980C7-A0C0-4CC1-8E59-EAC787A20FBB}"
EndProject
Project("{9A19103F-16F7-4668-BE54-9A1E7A4F7556}") = "WebAPI", "WebAPI\WebAPI.csproj", "{67980DF3-8998-41B1-9A8A-6348C6E12C50}"
EndProject
Global
	GlobalSection(SolutionConfigurationPlatforms) = preSolution
		Debug|Any CPU = Debug|Any CPU
		Release|Any CPU = Release|Any CPU
	EndGlobalSection
	GlobalSection(ProjectConfigurationPlatforms) = postSolution
		{8BE64E7D-BBB1-44D9-BB63-28DCE030EB57}.Debug|Any CPU.ActiveCfg = Debug|Any CPU
		{8BE64E7D-BBB1-44D9-BB63-28DCE030EB57}.Debug|Any CPU.Build.0 = Debug|Any CPU
		{8BE64E7D-BBB1-44D9-BB63-28DCE030EB57}.Release|Any CPU.ActiveCfg = Release|Any CPU
		{8BE64E7D-BBB1-44D9-BB63-28DCE030EB57}.Release|Any CPU.Build.0 = Release|Any CPU
		{337E92DB-29A1-42EB-917D-C85363045DA4}.Debug|Any CPU.ActiveCfg = Debug|Any CPU
		{337E92DB-29A1-42EB-917D-C85363045DA4}.Debug|Any CPU.Build.0 = Debug|Any CPU
		{337E92DB-29A1-42EB-917D-C85363045DA4}.Release|Any CPU.ActiveCfg = Release|Any CPU
		{337E92DB-29A1-42EB-917D-C85363045DA4}.Release|Any CPU.Build.0 = Release|Any CPU
		{9F3A35D4-06F1-468E-96BD-177F85EE8A18}.Debug|Any CPU.ActiveCfg = Debug|Any CPU
		{9F3A35D4-06F1-468E-96BD-177F85EE8A18}.Debug|Any CPU.Build.0 = Debug|Any CPU
		{9F3A35D4-06F1-468E-96BD-177F85EE8A18}.Release|Any CPU.ActiveCfg = Release|Any CPU
		{9F3A35D4-06F1-468E-96BD-177F85EE8A18}.Release|Any CPU.Build.0 = Release|Any CPU
		{B62F722F-A4F2-4875-9FAA-ACC25C7640BD}.Debug|Any CPU.ActiveCfg = Debug|Any CPU
		{B62F722F-A4F2-4875-9FAA-ACC25C7640BD}.Debug|Any CPU.Build.0 = Debug|Any CPU
		{B62F722F-A4F2-4875-9FAA-ACC25C7640BD}.Release|Any CPU.ActiveCfg = Release|Any CPU
		{B62F722F-A4F2-4875-9FAA-ACC25C7640BD}.Release|Any CPU.Build.0 = Release|Any CPU
		{AC8980C7-A0C0-4CC1-8E59-EAC787A20FBB}.Debug|Any CPU.ActiveCfg = Debug|Any CPU
		{AC8980C7-A0C0-4CC1-8E59-EAC787A20FBB}.Debug|Any CPU.Build.0 = Debug|Any CPU
		{AC8980C7-A0C0-4CC1-8E59-EAC787A20FBB}.Release|Any CPU.ActiveCfg = Release|Any CPU
		{AC8980C7-A0C0-4CC1-8E59-EAC787A20FBB}.Release|Any CPU.Build.0 = Release|Any CPU
		{67980DF3-8998-41B1-9A8A-6348C6E12C50}.Debug|Any CPU.ActiveCfg = Debug|Any CPU
		{67980DF3-8998-41B1-9A8A-6348C6E12C50}.Debug|Any CPU.Build.0 = Debug|Any CPU
		{67980DF3-8998-41B1-9A8A-6348C6E12C50}.Release|Any CPU.ActiveCfg = Release|Any CPU
		{67980DF3-8998-41B1-9A8A-6348C6E12C50}.Release|Any CPU.Build.0 = Release|Any CPU
	EndGlobalSection
	GlobalSection(SolutionProperties) = preSolution
		HideSolutionNode = FALSE
	EndGlobalSection
	GlobalSection(ExtensibilityGlobals) = postSolution
		SolutionGuid = {5308BA14-2330-47E7-873D-A5723840327B}
	EndGlobalSection
EndGlobal
